
Microsoft Visual Studio Solution File, Format Version 12.00
# Visual Studio Version 17
VisualStudioVersion = 17.0.31903.59
MinimumVisualStudioVersion = 10.0.40219.1
Project("{FAE04EC0-301F-11D3-BF4B-00C04F79EFBC}") = "16_Task_WPF", "16_Task_WPF\16_Task_WPF.csproj", "{642CEB46-6E03-42D9-90BC-3BA5AF77C357}"
EndProject
Global
	GlobalSection(SolutionConfigurationPlatforms) = preSolution
		Debug|Any CPU = Debug|Any CPU
		Release|Any CPU = Release|Any CPU
	EndGlobalSection
	GlobalSection(ProjectConfigurationPlatforms) = postSolution
		{642CEB46-6E03-42D9-90BC-3BA5AF77C357}.Debug|Any CPU.ActiveCfg = Debug|Any CPU
		{642CEB46-6E03-42D9-90BC-3BA5AF77C357}.Debug|Any CPU.Build.0 = Debug|Any CPU
		{642CEB46-6E03-42D9-90BC-3BA5AF77C357}.Release|Any CPU.ActiveCfg = Release|Any CPU
		{642CEB46-6E03-42D9-90BC-3BA5AF77C357}.Release|Any CPU.Build.0 = Release|Any CPU
	EndGlobalSection
	GlobalSection(SolutionProperties) = preSolution
		HideSolutionNode = FALSE
	EndGlobalSection
	GlobalSection(ExtensibilityGlobals) = postSolution
		SolutionGuid = {8A1D2BED-E51D-46D7-AF15-272B3D3E0172}
	EndGlobalSection
EndGlobal
